
Microsoft Visual Studio Solution File, Format Version 12.00
Project("{FAE04EC0-301F-11D3-BF4B-00C04F79EFBC}") = "ThreadL1", "ThreadL1.csproj", "{ACC40D7D-9030-4CD1-89DF-E6E02F9375CA}"
EndProject
Global
	GlobalSection(SolutionConfigurationPlatforms) = preSolution
		Debug|Any CPU = Debug|Any CPU
		Release|Any CPU = Release|Any CPU
	EndGlobalSection
	GlobalSection(ProjectConfigurationPlatforms) = postSolution
		{ACC40D7D-9030-4CD1-89DF-E6E02F9375CA}.Debug|Any CPU.ActiveCfg = Debug|Any CPU
		{ACC40D7D-9030-4CD1-89DF-E6E02F9375CA}.Debug|Any CPU.Build.0 = Debug|Any CPU
		{ACC40D7D-9030-4CD1-89DF-E6E02F9375CA}.Release|Any CPU.ActiveCfg = Release|Any CPU
		{ACC40D7D-9030-4CD1-89DF-E6E02F9375CA}.Release|Any CPU.Build.0 = Release|Any CPU
	EndGlobalSection
EndGlobal
